
Microsoft Visual Studio Solution File, Format Version 12.00
# Visual Studio Version 16
VisualStudioVersion = 16.0.30907.101
MinimumVisualStudioVersion = 10.0.40219.1
Project("{9A19103F-16F7-4668-BE54-9A1E7A4F7556}") = "Buchalter", "Buchalter.csproj", "{A5F25EC6-5A2E-4B56-8A66-41A8848DC37F}"
EndProject
Global
	GlobalSection(SolutionConfigurationPlatforms) = preSolution
		Debug|Any CPU = Debug|Any CPU
		Release|Any CPU = Release|Any CPU
	EndGlobalSection
	GlobalSection(ProjectConfigurationPlatforms) = postSolution
		{A5F25EC6-5A2E-4B56-8A66-41A8848DC37F}.Debug|Any CPU.ActiveCfg = Debug|Any CPU
		{A5F25EC6-5A2E-4B56-8A66-41A8848DC37F}.Debug|Any CPU.Build.0 = Debug|Any CPU
		{A5F25EC6-5A2E-4B56-8A66-41A8848DC37F}.Release|Any CPU.ActiveCfg = Release|Any CPU
		{A5F25EC6-5A2E-4B56-8A66-41A8848DC37F}.Release|Any CPU.Build.0 = Release|Any CPU
	EndGlobalSection
	GlobalSection(SolutionProperties) = preSolution
		HideSolutionNode = FALSE
	EndGlobalSection
	GlobalSection(ExtensibilityGlobals) = postSolution
		SolutionGuid = {FC99F857-693A-4501-BC8C-BCB323EDA150}
	EndGlobalSection
EndGlobal
